// !$*UTF8*$!
{
	archiveVersion = 1;
	classes = {
	};
	objectVersion = 46;
	objects = {

/* Begin PBXBuildFile section */
		7B084F721F1F9B1900DAE341 /* InfoPlist.strings in Resources */ = {isa = PBXBuildFile; fileRef = 7B084F741F1F9B1900DAE341 /* InfoPlist.strings */; };
		7B0B49581F16611A00454600 /* DetailViewController.swift in Sources */ = {isa = PBXBuildFile; fileRef = 7B0B49571F16611A00454600 /* DetailViewController.swift */; };
		7B0B495A1F16672B00454600 /* DimmingPresentationController.swift in Sources */ = {isa = PBXBuildFile; fileRef = 7B0B49591F16672B00454600 /* DimmingPresentationController.swift */; };
		7B1CD4B11F1879A70024CE70 /* BounceAnimationController.swift in Sources */ = {isa = PBXBuildFile; fileRef = 7B1CD4B01F1879A70024CE70 /* BounceAnimationController.swift */; };
		7B1CD4B31F18A4540024CE70 /* SlideOutAnimationController.swift in Sources */ = {isa = PBXBuildFile; fileRef = 7B1CD4B21F18A4540024CE70 /* SlideOutAnimationController.swift */; };
		7B1CD4B51F18AB580024CE70 /* LandscapeViewController.swift in Sources */ = {isa = PBXBuildFile; fileRef = 7B1CD4B41F18AB580024CE70 /* LandscapeViewController.swift */; };
		7B1CD4B71F18CDB40024CE70 /* FadeOutAnimationController.swift in Sources */ = {isa = PBXBuildFile; fileRef = 7B1CD4B61F18CDB40024CE70 /* FadeOutAnimationController.swift */; };
		7B33D8791F15F00100CAA04F /* UIImageView+DownloadImage.swift in Sources */ = {isa = PBXBuildFile; fileRef = 7B33D8781F15F00100CAA04F /* UIImageView+DownloadImage.swift */; };
		7B4D65551F0CCFA9004B8708 /* SearchResult.swift in Sources */ = {isa = PBXBuildFile; fileRef = 7B4D65541F0CCFA9004B8708 /* SearchResult.swift */; };
		7B580A901F1774A7005DD059 /* GradientView.swift in Sources */ = {isa = PBXBuildFile; fileRef = 7B580A8F1F1774A7005DD059 /* GradientView.swift */; };
		7BB5695E1F0D3CD700577D79 /* SearchResultCell.swift in Sources */ = {isa = PBXBuildFile; fileRef = 7BB5695D1F0D3CD700577D79 /* SearchResultCell.swift */; };
		7BC011461F0BE382005EB73C /* AppDelegate.swift in Sources */ = {isa = PBXBuildFile; fileRef = 7BC011451F0BE382005EB73C /* AppDelegate.swift */; };
		7BC011481F0BE382005EB73C /* SearchViewController.swift in Sources */ = {isa = PBXBuildFile; fileRef = 7BC011471F0BE382005EB73C /* SearchViewController.swift */; };
		7BC0114B1F0BE382005EB73C /* Main.storyboard in Resources */ = {isa = PBXBuildFile; fileRef = 7BC011491F0BE382005EB73C /* Main.storyboard */; };
		7BC0114D1F0BE382005EB73C /* Assets.xcassets in Resources */ = {isa = PBXBuildFile; fileRef = 7BC0114C1F0BE382005EB73C /* Assets.xcassets */; };
		7BDF0FE01F1D088200B21124 /* Search.swift in Sources */ = {isa = PBXBuildFile; fileRef = 7BDF0FDF1F1D088200B21124 /* Search.swift */; };
		7BE595E91F1E4EB20011738C /* NothingFoundCell.xib in Resources */ = {isa = PBXBuildFile; fileRef = 7BE595EB1F1E4EB20011738C /* NothingFoundCell.xib */; };
		7BE595ED1F1E516C0011738C /* LoadingCell.xib in Resources */ = {isa = PBXBuildFile; fileRef = 7BE595EF1F1E516C0011738C /* LoadingCell.xib */; };
		7BE595F41F1E54A90011738C /* SearchResultCell.xib in Resources */ = {isa = PBXBuildFile; fileRef = 7BE595F61F1E54A90011738C /* SearchResultCell.xib */; };
		7BE595F91F1E58130011738C /* Localizable.strings in Resources */ = {isa = PBXBuildFile; fileRef = 7BE595F71F1E58130011738C /* Localizable.strings */; };
/* End PBXBuildFile section */

/* Begin PBXFileReference section */
		7B084F731F1F9B1900DAE341 /* Base */ = {isa = PBXFileReference; lastKnownFileType = text.plist.strings; name = Base; path = Base.lproj/InfoPlist.strings; sourceTree = "<group>"; };
		7B084F751F1F9B1C00DAE341 /* nl */ = {isa = PBXFileReference; lastKnownFileType = text.plist.strings; name = nl; path = nl.lproj/InfoPlist.strings; sourceTree = "<group>"; };
		7B0B49571F16611A00454600 /* DetailViewController.swift */ = {isa = PBXFileReference; fileEncoding = 4; lastKnownFileType = sourcecode.swift; path = DetailViewController.swift; sourceTree = "<group>"; };
		7B0B49591F16672B00454600 /* DimmingPresentationController.swift */ = {isa = PBXFileReference; fileEncoding = 4; lastKnownFileType = sourcecode.swift; path = DimmingPresentationController.swift; sourceTree = "<group>"; };
		7B1CD4B01F1879A70024CE70 /* BounceAnimationController.swift */ = {isa = PBXFileReference; fileEncoding = 4; lastKnownFileType = sourcecode.swift; path = BounceAnimationController.swift; sourceTree = "<group>"; };
		7B1CD4B21F18A4540024CE70 /* SlideOutAnimationController.swift */ = {isa = PBXFileReference; fileEncoding = 4; lastKnownFileType = sourcecode.swift; path = SlideOutAnimationController.swift; sourceTree = "<group>"; };
		7B1CD4B41F18AB580024CE70 /* LandscapeViewController.swift */ = {isa = PBXFileReference; fileEncoding = 4; lastKnownFileType = sourcecode.swift; path = LandscapeViewController.swift; sourceTree = "<group>"; };
		7B1CD4B61F18CDB40024CE70 /* FadeOutAnimationController.swift */ = {isa = PBXFileReference; fileEncoding = 4; lastKnownFileType = sourcecode.swift; path = FadeOutAnimationController.swift; sourceTree = "<group>"; };
		7B33D8781F15F00100CAA04F /* UIImageView+DownloadImage.swift */ = {isa = PBXFileReference; fileEncoding = 4; lastKnownFileType = sourcecode.swift; path = "UIImageView+DownloadImage.swift"; sourceTree = "<group>"; };
		7B4D65541F0CCFA9004B8708 /* SearchResult.swift */ = {isa = PBXFileReference; fileEncoding = 4; lastKnownFileType = sourcecode.swift; path = SearchResult.swift; sourceTree = "<group>"; };
		7B580A8F1F1774A7005DD059 /* GradientView.swift */ = {isa = PBXFileReference; fileEncoding = 4; lastKnownFileType = sourcecode.swift; path = GradientView.swift; sourceTree = "<group>"; };
		7BB5695D1F0D3CD700577D79 /* SearchResultCell.swift */ = {isa = PBXFileReference; fileEncoding = 4; lastKnownFileType = sourcecode.swift; path = SearchResultCell.swift; sourceTree = "<group>"; };
		7BC011421F0BE382005EB73C /* StoreSearch.app */ = {isa = PBXFileReference; explicitFileType = wrapper.application; includeInIndex = 0; path = StoreSearch.app; sourceTree = BUILT_PRODUCTS_DIR; };
		7BC011451F0BE382005EB73C /* AppDelegate.swift */ = {isa = PBXFileReference; lastKnownFileType = sourcecode.swift; path = AppDelegate.swift; sourceTree = "<group>"; };
		7BC011471F0BE382005EB73C /* SearchViewController.swift */ = {isa = PBXFileReference; lastKnownFileType = sourcecode.swift; path = SearchViewController.swift; sourceTree = "<group>"; };
		7BC0114A1F0BE382005EB73C /* Base */ = {isa = PBXFileReference; lastKnownFileType = file.storyboard; name = Base; path = Base.lproj/Main.storyboard; sourceTree = "<group>"; };
		7BC0114C1F0BE382005EB73C /* Assets.xcassets */ = {isa = PBXFileReference; lastKnownFileType = folder.assetcatalog; path = Assets.xcassets; sourceTree = "<group>"; };
		7BC011511F0BE382005EB73C /* Info.plist */ = {isa = PBXFileReference; lastKnownFileType = text.plist.xml; path = Info.plist; sourceTree = "<group>"; };
		7BDF0FDF1F1D088200B21124 /* Search.swift */ = {isa = PBXFileReference; fileEncoding = 4; lastKnownFileType = sourcecode.swift; path = Search.swift; sourceTree = "<group>"; };
		7BE595EA1F1E4EB20011738C /* en */ = {isa = PBXFileReference; lastKnownFileType = file.xib; name = en; path = en.lproj/NothingFoundCell.xib; sourceTree = "<group>"; };
		7BE595EC1F1E4F8B0011738C /* nl */ = {isa = PBXFileReference; lastKnownFileType = file.xib; name = nl; path = nl.lproj/NothingFoundCell.xib; sourceTree = "<group>"; };
		7BE595EE1F1E516C0011738C /* Base */ = {isa = PBXFileReference; lastKnownFileType = file.xib; name = Base; path = Base.lproj/LoadingCell.xib; sourceTree = "<group>"; };
		7BE595F11F1E51880011738C /* nl */ = {isa = PBXFileReference; lastKnownFileType = text.plist.strings; name = nl; path = nl.lproj/LoadingCell.strings; sourceTree = "<group>"; };
		7BE595F31F1E533D0011738C /* nl */ = {isa = PBXFileReference; lastKnownFileType = text.plist.strings; name = nl; path = nl.lproj/Main.strings; sourceTree = "<group>"; };
		7BE595F51F1E54A90011738C /* Base */ = {isa = PBXFileReference; lastKnownFileType = file.xib; name = Base; path = Base.lproj/SearchResultCell.xib; sourceTree = "<group>"; };
		7BE595F81F1E58130011738C /* en */ = {isa = PBXFileReference; lastKnownFileType = text.plist.strings; name = en; path = en.lproj/Localizable.strings; sourceTree = "<group>"; };
		7BE595FA1F1E58B50011738C /* nl */ = {isa = PBXFileReference; lastKnownFileType = text.plist.strings; name = nl; path = nl.lproj/Localizable.strings; sourceTree = "<group>"; };
/* End PBXFileReference section */

/* Begin PBXFrameworksBuildPhase section */
		7BC0113F1F0BE382005EB73C /* Frameworks */ = {
			isa = PBXFrameworksBuildPhase;
			buildActionMask = 2147483647;
			files = (
			);
			runOnlyForDeploymentPostprocessing = 0;
		};
/* End PBXFrameworksBuildPhase section */

/* Begin PBXGroup section */
		7BC011391F0BE382005EB73C = {
			isa = PBXGroup;
			children = (
				7BC011441F0BE382005EB73C /* StoreSearch */,
				7BC011431F0BE382005EB73C /* Products */,
			);
			sourceTree = "<group>";
		};
		7BC011431F0BE382005EB73C /* Products */ = {
			isa = PBXGroup;
			children = (
				7BC011421F0BE382005EB73C /* StoreSearch.app */,
			);
			name = Products;
			sourceTree = "<group>";
		};
		7BC011441F0BE382005EB73C /* StoreSearch */ = {
			isa = PBXGroup;
			children = (
				7BC011511F0BE382005EB73C /* Info.plist */,
				7BC011451F0BE382005EB73C /* AppDelegate.swift */,
				7B1CD4B01F1879A70024CE70 /* BounceAnimationController.swift */,
				7B0B49571F16611A00454600 /* DetailViewController.swift */,
				7B0B49591F16672B00454600 /* DimmingPresentationController.swift */,
				7B1CD4B61F18CDB40024CE70 /* FadeOutAnimationController.swift */,
				7B580A8F1F1774A7005DD059 /* GradientView.swift */,
				7B1CD4B41F18AB580024CE70 /* LandscapeViewController.swift */,
				7BDF0FDF1F1D088200B21124 /* Search.swift */,
				7B4D65541F0CCFA9004B8708 /* SearchResult.swift */,
				7BB5695D1F0D3CD700577D79 /* SearchResultCell.swift */,
				7BC011471F0BE382005EB73C /* SearchViewController.swift */,
				7B1CD4B21F18A4540024CE70 /* SlideOutAnimationController.swift */,
				7B33D8781F15F00100CAA04F /* UIImageView+DownloadImage.swift */,
				7BC0114C1F0BE382005EB73C /* Assets.xcassets */,
				7BE595EF1F1E516C0011738C /* LoadingCell.xib */,
				7BE595F71F1E58130011738C /* Localizable.strings */,
				7BC011491F0BE382005EB73C /* Main.storyboard */,
				7BE595EB1F1E4EB20011738C /* NothingFoundCell.xib */,
				7BE595F61F1E54A90011738C /* SearchResultCell.xib */,
				7B084F741F1F9B1900DAE341 /* InfoPlist.strings */,
			);
			path = StoreSearch;
			sourceTree = "<group>";
		};
/* End PBXGroup section */

/* Begin PBXNativeTarget section */
		7BC011411F0BE382005EB73C /* StoreSearch */ = {
			isa = PBXNativeTarget;
			buildConfigurationList = 7BC011541F0BE382005EB73C /* Build configuration list for PBXNativeTarget "StoreSearch" */;
			buildPhases = (
				7BC0113E1F0BE382005EB73C /* Sources */,
				7BC0113F1F0BE382005EB73C /* Frameworks */,
				7BC011401F0BE382005EB73C /* Resources */,
			);
			buildRules = (
			);
			dependencies = (
			);
			name = StoreSearch;
			productName = StoreSearch;
			productReference = 7BC011421F0BE382005EB73C /* StoreSearch.app */;
			productType = "com.apple.product-type.application";
		};
/* End PBXNativeTarget section */

/* Begin PBXProject section */
		7BC0113A1F0BE382005EB73C /* Project object */ = {
			isa = PBXProject;
			attributes = {
				LastSwiftUpdateCheck = 0830;
				LastUpgradeCheck = 0830;
				ORGANIZATIONNAME = "Silver Chu";
				TargetAttributes = {
					7BC011411F0BE382005EB73C = {
						CreatedOnToolsVersion = 8.3.3;
						DevelopmentTeam = 9888JNG5TE;
						ProvisioningStyle = Automatic;
					};
				};
			};
			buildConfigurationList = 7BC0113D1F0BE382005EB73C /* Build configuration list for PBXProject "StoreSearch" */;
			compatibilityVersion = "Xcode 3.2";
			developmentRegion = English;
			hasScannedForEncodings = 0;
			knownRegions = (
				en,
				Base,
				nl,
			);
			mainGroup = 7BC011391F0BE382005EB73C;
			productRefGroup = 7BC011431F0BE382005EB73C /* Products */;
			projectDirPath = "";
			projectRoot = "";
			targets = (
				7BC011411F0BE382005EB73C /* StoreSearch */,
			);
		};
/* End PBXProject section */

/* Begin PBXResourcesBuildPhase section */
		7BC011401F0BE382005EB73C /* Resources */ = {
			isa = PBXResourcesBuildPhase;
			buildActionMask = 2147483647;
			files = (
				7BC0114D1F0BE382005EB73C /* Assets.xcassets in Resources */,
				7B084F721F1F9B1900DAE341 /* InfoPlist.strings in Resources */,
				7BE595F91F1E58130011738C /* Localizable.strings in Resources */,
				7BE595ED1F1E516C0011738C /* LoadingCell.xib in Resources */,
				7BE595F41F1E54A90011738C /* SearchResultCell.xib in Resources */,
				7BE595E91F1E4EB20011738C /* NothingFoundCell.xib in Resources */,
				7BC0114B1F0BE382005EB73C /* Main.storyboard in Resources */,
			);
			runOnlyForDeploymentPostprocessing = 0;
		};
/* End PBXResourcesBuildPhase section */

/* Begin PBXSourcesBuildPhase section */
		7BC0113E1F0BE382005EB73C /* Sources */ = {
			isa = PBXSourcesBuildPhase;
			buildActionMask = 2147483647;
			files = (
				7BDF0FE01F1D088200B21124 /* Search.swift in Sources */,
				7BC011481F0BE382005EB73C /* SearchViewController.swift in Sources */,
				7B0B495A1F16672B00454600 /* DimmingPresentationController.swift in Sources */,
				7B1CD4B71F18CDB40024CE70 /* FadeOutAnimationController.swift in Sources */,
				7B4D65551F0CCFA9004B8708 /* SearchResult.swift in Sources */,
				7BB5695E1F0D3CD700577D79 /* SearchResultCell.swift in Sources */,
				7B1CD4B11F1879A70024CE70 /* BounceAnimationController.swift in Sources */,
				7B1CD4B51F18AB580024CE70 /* LandscapeViewController.swift in Sources */,
				7B0B49581F16611A00454600 /* DetailViewController.swift in Sources */,
				7BC011461F0BE382005EB73C /* AppDelegate.swift in Sources */,
				7B580A901F1774A7005DD059 /* GradientView.swift in Sources */,
				7B33D8791F15F00100CAA04F /* UIImageView+DownloadImage.swift in Sources */,
				7B1CD4B31F18A4540024CE70 /* SlideOutAnimationController.swift in Sources */,
			);
			runOnlyForDeploymentPostprocessing = 0;
		};
/* End PBXSourcesBuildPhase section */

/* Begin PBXVariantGroup section */
		7B084F741F1F9B1900DAE341 /* InfoPlist.strings */ = {
			isa = PBXVariantGroup;
			children = (
				7B084F731F1F9B1900DAE341 /* Base */,
				7B084F751F1F9B1C00DAE341 /* nl */,
			);
			name = InfoPlist.strings;
			sourceTree = "<group>";
		};
		7BC011491F0BE382005EB73C /* Main.storyboard */ = {
			isa = PBXVariantGroup;
			children = (
				7BC0114A1F0BE382005EB73C /* Base */,
				7BE595F31F1E533D0011738C /* nl */,
			);
			name = Main.storyboard;
			sourceTree = "<group>";
		};
		7BE595EB1F1E4EB20011738C /* NothingFoundCell.xib */ = {
			isa = PBXVariantGroup;
			children = (
				7BE595EA1F1E4EB20011738C /* en */,
				7BE595EC1F1E4F8B0011738C /* nl */,
			);
			name = NothingFoundCell.xib;
			sourceTree = "<group>";
		};
		7BE595EF1F1E516C0011738C /* LoadingCell.xib */ = {
			isa = PBXVariantGroup;
			children = (
				7BE595EE1F1E516C0011738C /* Base */,
				7BE595F11F1E51880011738C /* nl */,
			);
			name = LoadingCell.xib;
			sourceTree = "<group>";
		};
		7BE595F61F1E54A90011738C /* SearchResultCell.xib */ = {
			isa = PBXVariantGroup;
			children = (
				7BE595F51F1E54A90011738C /* Base */,
			);
			name = SearchResultCell.xib;
			sourceTree = "<group>";
		};
		7BE595F71F1E58130011738C /* Localizable.strings */ = {
			isa = PBXVariantGroup;
			children = (
				7BE595F81F1E58130011738C /* en */,
				7BE595FA1F1E58B50011738C /* nl */,
			);
			name = Localizable.strings;
			sourceTree = "<group>";
		};
/* End PBXVariantGroup section */

/* Begin XCBuildConfiguration section */
		7BC011521F0BE382005EB73C /* Debug */ = {
			isa = XCBuildConfiguration;
			buildSettings = {
				ALWAYS_SEARCH_USER_PATHS = NO;
				CLANG_ANALYZER_LOCALIZABILITY_NONLOCALIZED = YES;
				CLANG_ANALYZER_NONNULL = YES;
				CLANG_ANALYZER_NUMBER_OBJECT_CONVERSION = YES_AGGRESSIVE;
				CLANG_CXX_LANGUAGE_STANDARD = "gnu++0x";
				CLANG_CXX_LIBRARY = "libc++";
				CLANG_ENABLE_MODULES = YES;
				CLANG_ENABLE_OBJC_ARC = YES;
				CLANG_WARN_BOOL_CONVERSION = YES;
				CLANG_WARN_CONSTANT_CONVERSION = YES;
				CLANG_WARN_DIRECT_OBJC_ISA_USAGE = YES_ERROR;
				CLANG_WARN_DOCUMENTATION_COMMENTS = YES;
				CLANG_WARN_EMPTY_BODY = YES;
				CLANG_WARN_ENUM_CONVERSION = YES;
				CLANG_WARN_INFINITE_RECURSION = YES;
				CLANG_WARN_INT_CONVERSION = YES;
				CLANG_WARN_OBJC_ROOT_CLASS = YES_ERROR;
				CLANG_WARN_SUSPICIOUS_MOVE = YES;
				CLANG_WARN_UNREACHABLE_CODE = YES;
				CLANG_WARN__DUPLICATE_METHOD_MATCH = YES;
				"CODE_SIGN_IDENTITY[sdk=iphoneos*]" = "iPhone Developer";
				COPY_PHASE_STRIP = NO;
				DEBUG_INFORMATION_FORMAT = dwarf;
				ENABLE_STRICT_OBJC_MSGSEND = YES;
				ENABLE_TESTABILITY = YES;
				GCC_C_LANGUAGE_STANDARD = gnu99;
				GCC_DYNAMIC_NO_PIC = NO;
				GCC_NO_COMMON_BLOCKS = YES;
				GCC_OPTIMIZATION_LEVEL = 0;
				GCC_PREPROCESSOR_DEFINITIONS = (
					"DEBUG=1",
					"$(inherited)",
				);
				GCC_WARN_64_TO_32_BIT_CONVERSION = YES;
				GCC_WARN_ABOUT_RETURN_TYPE = YES_ERROR;
				GCC_WARN_UNDECLARED_SELECTOR = YES;
				GCC_WARN_UNINITIALIZED_AUTOS = YES_AGGRESSIVE;
				GCC_WARN_UNUSED_FUNCTION = YES;
				GCC_WARN_UNUSED_VARIABLE = YES;
				IPHONEOS_DEPLOYMENT_TARGET = 10.3;
				MTL_ENABLE_DEBUG_INFO = YES;
				ONLY_ACTIVE_ARCH = YES;
				SDKROOT = iphoneos;
				SWIFT_ACTIVE_COMPILATION_CONDITIONS = DEBUG;
				SWIFT_OPTIMIZATION_LEVEL = "-Onone";
			};
			name = Debug;
		};
		7BC011531F0BE382005EB73C /* Release */ = {
			isa = XCBuildConfiguration;
			buildSettings = {
				ALWAYS_SEARCH_USER_PATHS = NO;
				CLANG_ANALYZER_LOCALIZABILITY_NONLOCALIZED = YES;
				CLANG_ANALYZER_NONNULL = YES;
				CLANG_ANALYZER_NUMBER_OBJECT_CONVERSION = YES_AGGRESSIVE;
				CLANG_CXX_LANGUAGE_STANDARD = "gnu++0x";
				CLANG_CXX_LIBRARY = "libc++";
				CLANG_ENABLE_MODULES = YES;
				CLANG_ENABLE_OBJC_ARC = YES;
				CLANG_WARN_BOOL_CONVERSION = YES;
				CLANG_WARN_CONSTANT_CONVERSION = YES;
				CLANG_WARN_DIRECT_OBJC_ISA_USAGE = YES_ERROR;
				CLANG_WARN_DOCUMENTATION_COMMENTS = YES;
				CLANG_WARN_EMPTY_BODY = YES;
				CLANG_WARN_ENUM_CONVERSION = YES;
				CLANG_WARN_INFINITE_RECURSION = YES;
				CLANG_WARN_INT_CONVERSION = YES;
				CLANG_WARN_OBJC_ROOT_CLASS = YES_ERROR;
				CLANG_WARN_SUSPICIOUS_MOVE = YES;
				CLANG_WARN_UNREACHABLE_CODE = YES;
				CLANG_WARN__DUPLICATE_METHOD_MATCH = YES;
				"CODE_SIGN_IDENTITY[sdk=iphoneos*]" = "iPhone Developer";
				COPY_PHASE_STRIP = NO;
				DEBUG_INFORMATION_FORMAT = "dwarf-with-dsym";
				ENABLE_NS_ASSERTIONS = NO;
				ENABLE_STRICT_OBJC_MSGSEND = YES;
				GCC_C_LANGUAGE_STANDARD = gnu99;
				GCC_NO_COMMON_BLOCKS = YES;
				GCC_WARN_64_TO_32_BIT_CONVERSION = YES;
				GCC_WARN_ABOUT_RETURN_TYPE = YES_ERROR;
				GCC_WARN_UNDECLARED_SELECTOR = YES;
				GCC_WARN_UNINITIALIZED_AUTOS = YES_AGGRESSIVE;
				GCC_WARN_UNUSED_FUNCTION = YES;
				GCC_WARN_UNUSED_VARIABLE = YES;
				IPHONEOS_DEPLOYMENT_TARGET = 10.3;
				MTL_ENABLE_DEBUG_INFO = NO;
				SDKROOT = iphoneos;
				SWIFT_OPTIMIZATION_LEVEL = "-Owholemodule";
				VALIDATE_PRODUCT = YES;
			};
			name = Release;
		};
		7BC011551F0BE382005EB73C /* Debug */ = {
			isa = XCBuildConfiguration;
			buildSettings = {
				ASSETCATALOG_COMPILER_APPICON_NAME = AppIcon;
				DEVELOPMENT_TEAM = 9888JNG5TE;
				INFOPLIST_FILE = StoreSearch/Info.plist;
				LD_RUNPATH_SEARCH_PATHS = "$(inherited) @executable_path/Frameworks";
				PRODUCT_BUNDLE_IDENTIFIER = com.silverchu.StoreSearch;
				PRODUCT_NAME = "$(TARGET_NAME)";
				SWIFT_VERSION = 3.0;
				TARGETED_DEVICE_FAMILY = "1,2";
			};
			name = Debug;
		};
		7BC011561F0BE382005EB73C /* Release */ = {
			isa = XCBuildConfiguration;
			buildSettings = {
				ASSETCATALOG_COMPILER_APPICON_NAME = AppIcon;
				DEVELOPMENT_TEAM = 9888JNG5TE;
				INFOPLIST_FILE = StoreSearch/Info.plist;
				LD_RUNPATH_SEARCH_PATHS = "$(inherited) @executable_path/Frameworks";
				PRODUCT_BUNDLE_IDENTIFIER = com.silverchu.StoreSearch;
				PRODUCT_NAME = "$(TARGET_NAME)";
				SWIFT_VERSION = 3.0;
				TARGETED_DEVICE_FAMILY = "1,2";
			};
			name = Release;
		};
/* End XCBuildConfiguration section */

/* Begin XCConfigurationList section */
		7BC0113D1F0BE382005EB73C /* Build configuration list for PBXProject "StoreSearch" */ = {
			isa = XCConfigurationList;
			buildConfigurations = (
				7BC011521F0BE382005EB73C /* Debug */,
				7BC011531F0BE382005EB73C /* Release */,
			);
			defaultConfigurationIsVisible = 0;
			defaultConfigurationName = Release;
		};
		7BC011541F0BE382005EB73C /* Build configuration list for PBXNativeTarget "StoreSearch" */ = {
			isa = XCConfigurationList;
			buildConfigurations = (
				7BC011551F0BE382005EB73C /* Debug */,
				7BC011561F0BE382005EB73C /* Release */,
			);
			defaultConfigurationIsVisible = 0;
			defaultConfigurationName = Release;
		};
/* End XCConfigurationList section */
	};
	rootObject = 7BC0113A1F0BE382005EB73C /* Project object */;
}
